
Microsoft Visual Studio Solution File, Format Version 12.00
# Visual Studio Version 17
VisualStudioVersion = 17.8.34525.116
MinimumVisualStudioVersion = 10.0.40219.1
Project("{FAE04EC0-301F-11D3-BF4B-00C04F79EFBC}") = "UnitTest", "UnitTest.csproj", "{6E27A355-74F1-4BDF-BD12-01D0BE7B5CD2}"
EndProject
Project("{FAE04EC0-301F-11D3-BF4B-00C04F79EFBC}") = "NetworkUtility", "..\NetworkUtility\NetworkUtility.csproj", "{32F627EE-DB08-4801-AF1F-159313D338B8}"
EndProject
Project("{FAE04EC0-301F-11D3-BF4B-00C04F79EFBC}") = "NetworkUtility.tests", "..\NetworkUtility.tests\NetworkUtility.tests.csproj", "{53A70478-F7B8-4BBA-854B-A2E8B2E059C6}"
EndProject
Global
	GlobalSection(SolutionConfigurationPlatforms) = preSolution
		Debug|Any CPU = Debug|Any CPU
		Release|Any CPU = Release|Any CPU
	EndGlobalSection
	GlobalSection(ProjectConfigurationPlatforms) = postSolution
		{6E27A355-74F1-4BDF-BD12-01D0BE7B5CD2}.Debug|Any CPU.ActiveCfg = Debug|Any CPU
		{6E27A355-74F1-4BDF-BD12-01D0BE7B5CD2}.Debug|Any CPU.Build.0 = Debug|Any CPU
		{6E27A355-74F1-4BDF-BD12-01D0BE7B5CD2}.Release|Any CPU.ActiveCfg = Release|Any CPU
		{6E27A355-74F1-4BDF-BD12-01D0BE7B5CD2}.Release|Any CPU.Build.0 = Release|Any CPU
		{32F627EE-DB08-4801-AF1F-159313D338B8}.Debug|Any CPU.ActiveCfg = Debug|Any CPU
		{32F627EE-DB08-4801-AF1F-159313D338B8}.Debug|Any CPU.Build.0 = Debug|Any CPU
		{32F627EE-DB08-4801-AF1F-159313D338B8}.Release|Any CPU.ActiveCfg = Release|Any CPU
		{32F627EE-DB08-4801-AF1F-159313D338B8}.Release|Any CPU.Build.0 = Release|Any CPU
		{53A70478-F7B8-4BBA-854B-A2E8B2E059C6}.Debug|Any CPU.ActiveCfg = Debug|Any CPU
		{53A70478-F7B8-4BBA-854B-A2E8B2E059C6}.Debug|Any CPU.Build.0 = Debug|Any CPU
		{53A70478-F7B8-4BBA-854B-A2E8B2E059C6}.Release|Any CPU.ActiveCfg = Release|Any CPU
		{53A70478-F7B8-4BBA-854B-A2E8B2E059C6}.Release|Any CPU.Build.0 = Release|Any CPU
	EndGlobalSection
	GlobalSection(SolutionProperties) = preSolution
		HideSolutionNode = FALSE
	EndGlobalSection
	GlobalSection(ExtensibilityGlobals) = postSolution
		SolutionGuid = {05B33287-0295-40DD-91B9-ABD27D7C5783}
	EndGlobalSection
EndGlobal
